GEM
  remote: https://rubygems.org/
  specs:
    pg (1.7.0)
    pg (1.7.0-aarch64-linux)
    pg (1.7.0-aarch64-linux-musl)
    pg (1.7.0-arm64-darwin)
    pg (1.7.0-x86_64-darwin)
    pg (1.7.0-x86_64-linux)
    pg (1.7.0-x86_64-linux-musl)

PLATFORMS
  aarch64-linux
  aarch64-linux-musl
  arm64-darwin
  ruby
  x86_64-darwin
  x86_64-linux
  x86_64-linux-musl

DEPENDENCIES
  pg (= 1.7.0)

CHECKSUMS
  pg (1.7.0) sha256=f7b536501284e883d4c9ef86dbde0313063e4aaafc23575b0017b0d572a26afb
  pg (1.7.0-aarch64-linux) sha256=101dd3a261000eb64b03ff41a5890674b735b626dbdce88652969b59fb0b1157
  pg (1.7.0-aarch64-linux-musl) sha256=5ca4d4619a1a39fb22de47350130956ece69cf0512858ee68dca926e46f65e4a
  pg (1.7.0-arm64-darwin) sha256=9fa895bbe28bdd579b83ccc80464c01d1015ea7549a7919134c9f8f10c060e4b
  pg (1.7.0-x86_64-darwin) sha256=7b726ba6eab8b143fb803d3b4173b0a3e4b0b032025032212f90d436785022db
  pg (1.7.0-x86_64-linux) sha256=d0a24f448b3c874c8b2658d4efbbbefce7315c228ede84f6f6f42089d1d704b6
  pg (1.7.0-x86_64-linux-musl) sha256=0c9bc93b6e0aca2a5b07daef00b7ec4f9882bfe21ef3872b4371f8ecffe1f1e1

BUNDLED WITH
  4.0.20
